Microsoft Visual Studio Solution File, Format Version 12.00
# Visual Studio Version 17
VisualStudioVersion = 17.5.2.0
MinimumVisualStudioVersion = 10.0.40219.1
Project("{FAE04EC0-301F-11D3-BF4B-00C04F79EFBC}") = "ClinicaApp", "ClinicaApp.csproj", "{62B1CB7C-EAB7-94F3-7E9E-03E8BE53601D}"
EndProject
Global
	GlobalSection(SolutionConfigurationPlatforms) = preSolution
		Debug|Any CPU = Debug|Any CPU
		Release|Any CPU = Release|Any CPU
	EndGlobalSection
	GlobalSection(ProjectConfigurationPlatforms) = postSolution
		{62B1CB7C-EAB7-94F3-7E9E-03E8BE53601D}.Debug|Any CPU.ActiveCfg = Debug|Any CPU
		{62B1CB7C-EAB7-94F3-7E9E-03E8BE53601D}.Debug|Any CPU.Build.0 = Debug|Any CPU
		{62B1CB7C-EAB7-94F3-7E9E-03E8BE53601D}.Release|Any CPU.ActiveCfg = Release|Any CPU
		{62B1CB7C-EAB7-94F3-7E9E-03E8BE53601D}.Release|Any CPU.Build.0 = Release|Any CPU
	EndGlobalSection
	GlobalSection(SolutionProperties) = preSolution
		HideSolutionNode = FALSE
	EndGlobalSection
	GlobalSection(ExtensibilityGlobals) = postSolution
		SolutionGuid = {06E96934-3DA0-4C6A-9357-B4640C77431C}
	EndGlobalSection
EndGlobal
